# This file is automatically @generated by Cargo.
# It is not intended for manual editing.
version = 4

[[package]]
name = "rhasky-backend-llvm-chirho"
version = "0.1.0"

[[package]]
name = "rhasky-backend-wasm-chirho"
version = "0.1.0"

[[package]]
name = "rhasky-cli-chirho"
version = "0.1.0"
dependencies = [
 "rhasky-driver-chirho",
 "rhasky-runtime-chirho",
]

[[package]]
name = "rhasky-diagnostics-chirho"
version = "0.1.0"

[[package]]
name = "rhasky-driver-chirho"
version = "0.1.0"
dependencies = [
 "rhasky-backend-llvm-chirho",
 "rhasky-backend-wasm-chirho",
 "rhasky-diagnostics-chirho",
 "rhasky-parser-chirho",
 "rhasky-runtime-chirho",
 "rhasky-syntax-chirho",
]

[[package]]
name = "rhasky-parser-chirho"
version = "0.1.0"
dependencies = [
 "rhasky-diagnostics-chirho",
 "rhasky-syntax-chirho",
]

[[package]]
name = "rhasky-runtime-chirho"
version = "0.1.0"

[[package]]
name = "rhasky-syntax-chirho"
version = "0.1.0"
